
Microsoft Visual Studio Solution File, Format Version 12.00
# Visual Studio Version 17
VisualStudioVersion = 17.13.35931.197 d17.13
MinimumVisualStudioVersion = 10.0.40219.1
Project("{FAE04EC0-301F-11D3-BF4B-00C04F79EFBC}") = "Semana11", "Semana11\Semana11.csproj", "{A480AAFF-F782-4026-9B9C-B2A1E1F9A464}"
EndProject
Global
	GlobalSection(SolutionConfigurationPlatforms) = preSolution
		Debug|Any CPU = Debug|Any CPU
		Release|Any CPU = Release|Any CPU
	EndGlobalSection
	GlobalSection(ProjectConfigurationPlatforms) = postSolution
		{A480AAFF-F782-4026-9B9C-B2A1E1F9A464}.Debug|Any CPU.ActiveCfg = Debug|Any CPU
		{A480AAFF-F782-4026-9B9C-B2A1E1F9A464}.Debug|Any CPU.Build.0 = Debug|Any CPU
		{A480AAFF-F782-4026-9B9C-B2A1E1F9A464}.Release|Any CPU.ActiveCfg = Release|Any CPU
		{A480AAFF-F782-4026-9B9C-B2A1E1F9A464}.Release|Any CPU.Build.0 = Release|Any CPU
	EndGlobalSection
	GlobalSection(SolutionProperties) = preSolution
		HideSolutionNode = FALSE
	EndGlobalSection
	GlobalSection(ExtensibilityGlobals) = postSolution
		SolutionGuid = {5DAC5A01-0F10-408D-9FBF-0BCA3DE7CB51}
	EndGlobalSection
EndGlobal
